github.com/Mekhrona/bank v0.0.0-20210402194429-21b632570264 h1:KldDNc2HYHbhBCOtmntibSPrhSkvivJWDOu22B8AOo0=
github.com/Mekhrona/bank v0.0.0-20210402194429-21b632570264/go.mod h1:TIjd1svhKdjpWbFwj73y3pArvS21vNWB/pplfneN0XQ=
github.com/Mekhrona/bank v0.0.0-20210402214335-9b16c2187e9e h1:ghSkxHjMM72c4fJNRb33SMpm8eYw55SKhPEJ9ATYapo=
github.com/Mekhrona/bank v0.0.0-20210402214335-9b16c2187e9e/go.mod h1:TIjd1svhKdjpWbFwj73y3pArvS21vNWB/pplfneN0XQ=
github.com/Mekhrona/bank/v2 v2.0.0 h1:a6Yd+OdQlgcUl7ohBxIEMT4xPxivxQbuugOKCVVGiPk=
github.com/Mekhrona/bank/v2 v2.0.0/go.mod h1:o8EevK3lzQbtUmvN+MJvMTP6Pu6uW8tNbja44PfROcQ=
